Microsoft Visual Studio Solution File, Format Version 11.00
# Visual Studio 2008

Project("{124DE7A5-F037-98A6-FC4F-9F16DF042709}") = "Protoype_EnemySpawn", "Assembly-CSharp.csproj", "{7CF60410-0B3A-ED9A-1322-CB7AB589E06A}"
EndProject
Global
	GlobalSection(SolutionConfigurationPlatforms) = preSolution
		Debug|Any CPU = Debug|Any CPU
		Release|Any CPU = Release|Any CPU
	EndGlobalSection
	GlobalSection(ProjectConfigurationPlatforms) = postSolution
		{7CF60410-0B3A-ED9A-1322-CB7AB589E06A}.Debug|Any CPU.ActiveCfg = Debug|Any CPU
		{7CF60410-0B3A-ED9A-1322-CB7AB589E06A}.Debug|Any CPU.Build.0 = Debug|Any CPU
		{7CF60410-0B3A-ED9A-1322-CB7AB589E06A}.Release|Any CPU.ActiveCfg = Release|Any CPU
		{7CF60410-0B3A-ED9A-1322-CB7AB589E06A}.Release|Any CPU.Build.0 = Release|Any CPU
	EndGlobalSection
	GlobalSection(SolutionProperties) = preSolution
		HideSolutionNode = FALSE
	EndGlobalSection
	GlobalSection(MonoDevelopProperties) = preSolution
		StartupItem = Assembly-CSharp.csproj
	EndGlobalSection
EndGlobal
